PackratFormat: 1.4
PackratVersion: 0.4.3
RVersion: 3.1.2
Repos: CRAN=http://cran.rstudio.com,
    CRANextra=http://www.stats.ox.ac.uk/pub/RWin

Package: BH
Source: CRAN
Version: 1.55.0-3

Package: BradleyTerry2
Source: CRAN
Version: 1.0-6
Requires: brglm, gtools, lme4
Hash: 56bc3d675b15b57052bf564146e3550e

Package: Cubist
Source: CRAN
Version: 0.0.18
Requires: reshape2
Hash: a4984228c61b13f7d6bda42884139ef5

Package: DBI
Source: CRAN
Version: 0.3.1
Hash: 3a9e85b26ec3ab570266bccb3f9de055

Package: Lahman
Source: CRAN
Version: 3.0-1
Hash: 01ed6aeccc6eda186d88f2bb2cab37e6

Package: R6
Source: CRAN
Version: 2.0.1
Hash: 9a3ac4e5fd8059af0fc5156bcb019bbc

Package: RANN
Source: CRAN
Version: 2.4.1
Hash: ff130e64abd751879ea9e9344cfc5fc6

Package: RColorBrewer
Source: CRAN
Version: 1.1-2
Hash: 5203278413b09be06483c5ac1920bb05

Package: RMySQL
Source: CRAN
Version: 0.10.2
Requires: DBI
Hash: 143ecda1cc93bd6a2573f5955bf2ac55

Package: RSQLite
Source: CRAN
Version: 1.0.0
Requires: DBI
Hash: 6ec4dc154e68485971a5baf3817e61a8

Package: RUnit
Source: CRAN
Version: 0.4.28
Hash: 850d98dbd77e0235d49cae9ea505a6e4

Package: Rcpp
Source: CRAN
Version: 0.11.5
Hash: 3e452cb48f3ec8a7cf27fb9ab8624639

Package: RcppEigen
Source: CRAN
Version: 0.3.2.4.0
Requires: Rcpp

Package: SparseM
Source: CRAN
Version: 1.6
Hash: ebefb2caf6ba73d3202d5153db1af0d8

Package: abind
Source: CRAN
Version: 1.4-0
Hash: 5007322a6d081332d1d54b077a82bdf0

Package: assertthat
Source: CRAN
Version: 0.1
Hash: 4b419cfdc33a3019a7f3c6f0cdea6c38

Package: bit
Source: CRAN
Version: 1.1-12
Hash: f8a5d34c0856d07546a949c5de2cd92d

Package: bit64
Source: CRAN
Version: 0.9-4
Requires: bit
Hash: 40bd901e052da2dd96cb75c1c36eee0a

Package: brglm
Source: CRAN
Version: 0.5-9
Requires: profileModel
Hash: ab397c3e2a17f6fa4bb52992c8a0c871

Package: car
Source: CRAN
Version: 2.0-25
Requires: pbkrtest, quantreg
Hash: 913a72e0f36d7f21b8ed32e4fe3933bf

Package: caret
Source: CRAN
Version: 6.0-41
Requires: BradleyTerry2, car, foreach, ggplot2, plyr, reshape2
Hash: 34824adecdb6f6228e3e68696f1c7dec

Package: chron
Source: CRAN
Version: 2.3-45
Hash: 65cf73bf43c26a4578bb251499de38cd

Package: coin
Source: CRAN
Version: 1.0-24
Requires: modeltools, mvtnorm
Hash: 89c75272b088f70fe5aa997457be8833

Package: colorspace
Source: CRAN
Version: 1.2-5
Hash: 46e55a2cc23f92862ffa4485526522c5

Package: combinat
Source: CRAN
Version: 0.0-8
Hash: 55bf818210f976d6cb5125ebb9b6d32a

Package: data.table
Source: CRAN
Version: 1.9.4
Requires: chron, reshape2
Hash: 905b6356d387a3a7e13ef62c4cf6f7e3

Package: dichromat
Source: CRAN
Version: 2.0-0
Hash: 42be2136555fa4b6167605df56d8cd7c

Package: digest
Source: CRAN
Version: 0.6.8
Hash: 89dc4c8734dad5322bb3c5c2af09056f

Package: doMC
Source: CRAN
Version: 1.3.3
Requires: foreach, iterators
Hash: c53c461dd2a36d1920438e23e00aea4f

Package: dplyr
Source: CRAN
Version: 0.4.1
Requires: BH, DBI, R6, Rcpp, assertthat, lazyeval, magrittr
Hash: 2a1e53656807647ec08ad0b3c1616cb3

Package: e1071
Source: CRAN
Version: 1.6-4
Hash: 0fa8059d11f82a0c054aaa5065e80206

Package: earth
Source: CRAN
Version: 4.2.0
Requires: plotmo, plotrix
Hash: c0cd0d37d74d969a2048d6956202abb8

Package: ellipse
Source: CRAN
Version: 0.3-8
Hash: b001ec8edea6b27ec5519ee0b31af8f5

Package: evaluate
Source: CRAN
Version: 0.5.5
Requires: stringr
Hash: 20881970e590ee68de97a468694db7b0

Package: fastICA
Source: CRAN
Version: 1.2-0
Hash: c9d9375ea63a01a6b3646d465c9b379b

Package: fastmatch
Source: CRAN
Version: 1.0-4
Hash: 6a5f2beca355d3dd8cadba8151b9880f

Package: foreach
Source: CRAN
Version: 1.4.2
Requires: iterators
Hash: fbdaa99f6c6bd4f252c5d8412f6e79c9

Package: formatR
Source: CRAN
Version: 1.0
Hash: a90c211d7df7e61a72b8ab6c99c2e848

Package: gam
Source: CRAN
Version: 1.09.1
Hash: fcebf4ffe507024212f1782320276efa

Package: gbm
Source: CRAN
Version: 2.1
Hash: 9cea54990ab9b8f41f5fa9fd6bb92141

Package: ggplot2
Source: CRAN
Version: 1.0.0
Requires: digest, gtable, plyr, proto, reshape2, scales
Hash: c8bff66238347472f08b6a35608539ff

Package: gtable
Source: CRAN
Version: 0.1.2
Hash: 0cf4a2b54c02b35dec7e74a8ebed12a0

Package: gtools
Source: CRAN
Version: 3.4.1
Hash: e4c2510a4ba86b5826f05d9f3639cb13

Package: hash
Source: CRAN
Version: 2.2.6
Hash: 7ab8058a422024a2c09c3b518b25b051

Package: hexbin
Source: CRAN
Version: 1.27.0
Hash: 160017fb005a908def7938ba43ed02c3

Package: highr
Source: CRAN
Version: 0.4
Hash: 8c77cca8556e1501621b4a5ccb7999bd

Package: ipred
Source: CRAN
Version: 0.9-4
Requires: prodlim
Hash: 2020556994a8e37b1869fbe2e42a4edd

Package: iterators
Source: CRAN
Version: 1.0.7
Hash: b5320a58712688d5b18c207cf256ef3f

Package: itertools
Source: CRAN
Version: 0.1-3
Requires: iterators
Hash: 1ba05ae1d8e2304610818fcb49c4c9e1

Package: kernlab
Source: CRAN
Version: 0.9-20
Hash: 16d24044b09d489de59e95598e727069

Package: klaR
Source: CRAN
Version: 0.6-12
Requires: combinat
Hash: d64356ddcadc4bcb56db1bdfff2285a4

Package: knitr
Source: CRAN
Version: 1.9
Requires: digest, evaluate, formatR, highr, markdown, stringr
Hash: 41c29594ced4d02b3b90b4c375680cd3

Package: labeling
Source: CRAN
Version: 0.3
Hash: 568a992912caf7eeddfb121924154047

Package: lava
Source: CRAN
Version: 1.4.0
Requires: numDeriv
Hash: f203b8c3b5bfbe399cf3b7e5acf420fe

Package: lazyeval
Source: CRAN
Version: 0.1.10
Hash: 7f88a453d0b52e36ea46d9d33c6dcf90

Package: lme4
Source: CRAN
Version: 1.1-7
Requires: Rcpp, RcppEigen, minqa, nloptr
Hash: 0663d04fd797da2580eddd3b1c920ab2

Package: magrittr
Source: CRAN
Version: 1.5
Hash: 38d492cf072bc9f3c73bda2aee3d0e23

Package: markdown
Source: CRAN
Version: 0.7.4
Requires: mime
Hash: 01d7f71ed6e3d9b1c17ba51cff91be72

Package: mda
Source: CRAN
Version: 0.4-4
Hash: e60b5241efe64e2c119e59966f2b29db

Package: microbenchmark
Source: CRAN
Version: 1.4-2
Requires: ggplot2
Hash: 658f0ab7fa41ec9c3187ffef516d6c4e

Package: mime
Source: CRAN
Version: 0.2
Hash: 9179db921fcb2e5be44e217042ed06bc

Package: minqa
Source: CRAN
Version: 1.2.4
Requires: Rcpp
Hash: 458796870f58fde96e824382cc0e8d82

Package: mlbench
Source: CRAN
Version: 2.1-1
Hash: 1a6ce0589b20ad2942a239be80299418

Package: modeltools
Source: CRAN
Version: 0.2-21
Hash: cf8ddb5ff06dedec20776365da8e288a

Package: munsell
Source: CRAN
Version: 0.4.2
Requires: colorspace
Hash: fa8af6d040041439b249351e9d16ae9a

Package: mvtnorm
Source: CRAN
Version: 1.0-2
Hash: 77cba5f561791810a6946f9ebff85a0e

Package: nloptr
Source: CRAN
Version: 1.0.4
Hash: 2197af13ece296fdf1dd8f8a4e5a40e1

Package: numDeriv
Source: CRAN
Version: 2012.9-1
Hash: a498401502a627e2f0d330f7b782c459

Package: nycflights13
Source: CRAN
Version: 0.1
Hash: 24e274e118ec8efb08b123aa88178a1d

Package: pROC
Source: CRAN
Version: 1.7.3
Requires: Rcpp, plyr
Hash: 2b1d51e7e8b7aff2b5d92355dc860397

Package: packrat
Source: CRAN
Version: 0.4.3
Hash: 16c72d5c802629fae5a4abca901e0199

Package: pamr
Source: CRAN
Version: 1.55
Hash: abbf559c957f5f1663ba4d308094793c

Package: party
Source: CRAN
Version: 1.0-20
Requires: coin, modeltools, mvtnorm, sandwich, strucchange, zoo
Hash: 24d7cdc14274759a52b98c658f42a0ae

Package: pbkrtest
Source: CRAN
Version: 0.4-2
Requires: lme4
Hash: d28676d1aaa5a988d968cdcb42661177

Package: plotmo
Source: CRAN
Version: 2.2.1
Hash: ef9577434a974d492623a02cd0b91b9f

Package: plotrix
Source: CRAN
Version: 3.5-11
Hash: 615f871b3ee3798e318330a5c2323623

Package: pls
Source: CRAN
Version: 2.4-3
Hash: 04ecdbd6cecd79f82f6585511ed16def

Package: plyr
Source: CRAN
Version: 1.8.1
Requires: Rcpp
Hash: 6a4457c04af4cf5e4a8166ff59bcfd96

Package: prodlim
Source: CRAN
Version: 1.5.1
Requires: lava
Hash: b80b431cdb74c387cf4c1340b02ea3ba

Package: profileModel
Source: CRAN
Version: 0.5-9
Hash: 122950462321c92e539e4ab8ac2ffd58

Package: proto
Source: CRAN
Version: 0.3-10
Hash: 668a9e87cedbdc5f56c396edf1bd2648

Package: proxy
Source: CRAN
Version: 0.4-14
Hash: a31f057bfdd489224f7f0c32dad64e26

Package: quantreg
Source: CRAN
Version: 5.11
Requires: SparseM
Hash: bac5ce40d7995763543a826ca9f39534

Package: randomForest
Source: CRAN
Version: 4.6-10
Hash: 6cfc4af49262a122c8ff130048e60375

Package: reshape
Source: CRAN
Version: 0.8.5
Requires: plyr
Hash: 3a8bcdf002df52627d35dfab189711f4

Package: reshape2
Source: CRAN
Version: 1.4.1
Requires: Rcpp, plyr, stringr
Hash: d3d77b083fd5485f674487aa23011ea7

Package: sandwich
Source: CRAN
Version: 2.3-2
Requires: zoo
Hash: be27c334f9f849cb3eff949c75338715

Package: scales
Source: CRAN
Version: 0.2.4
Requires: RColorBrewer, dichromat, labeling, munsell, plyr
Hash: b8b1af97bd07818605223060386b00dd

Package: spls
Source: CRAN
Version: 2.2-1
Requires: pls
Hash: 6d6433fb9c32d80b065cac563ea6a1e7

Package: stringr
Source: CRAN
Version: 0.6.2
Hash: cdde0cfa0f52cffeaca23a11a3899779

Package: strucchange
Source: CRAN
Version: 1.5-0
Requires: sandwich, zoo
Hash: fa69f473f1031379d8a1ce93e0fe2644

Package: subselect
Source: CRAN
Version: 0.12-4
Hash: 99700e84fe71f6b6206b45b6b1b5c410

Package: superpc
Source: CRAN
Version: 1.09
Hash: aaf88e0f0b05fc532bad762d5734119f

Package: testthat
Source: CRAN
Version: 0.9.1
Requires: digest
Hash: 8b05e97c7401ae4f8b5dfbaa44cfcf20

Package: xts
Source: CRAN
Version: 0.9-7
Requires: zoo
Hash: be4b6faab98ec342c7aa497a903d7b43

Package: zoo
Source: CRAN
Version: 1.7-11
Hash: a412b124ff249b078d9cd870de913c90
